
Microsoft Visual Studio Solution File, Format Version 12.00
# Visual Studio 2013
VisualStudioVersion = 12.0.31101.0
MinimumVisualStudioVersion = 10.0.40219.1
Project("{8BC9CEB8-8B4A-11D0-8D11-00A0C91BC942}") = "Chuong4_KTLT", "Chuong4_KTLT\Chuong4_KTLT.vcxproj", "{6416874E-3B4B-4545-B295-105A855B21E3}"
EndProject
Global
	GlobalSection(SolutionConfigurationPlatforms) = preSolution
		Debug|Win32 = Debug|Win32
		Release|Win32 = Release|Win32
	EndGlobalSection
	GlobalSection(ProjectConfigurationPlatforms) = postSolution
		{6416874E-3B4B-4545-B295-105A855B21E3}.Debug|Win32.ActiveCfg = Debug|Win32
		{6416874E-3B4B-4545-B295-105A855B21E3}.Debug|Win32.Build.0 = Debug|Win32
		{6416874E-3B4B-4545-B295-105A855B21E3}.Release|Win32.ActiveCfg = Release|Win32
		{6416874E-3B4B-4545-B295-105A855B21E3}.Release|Win32.Build.0 = Release|Win32
	EndGlobalSection
	GlobalSection(SolutionProperties) = preSolution
		HideSolutionNode = FALSE
	EndGlobalSection
EndGlobal
